PODS:
  - LiquidFloatingActionButton (2.0.0)
  - SnapKit (4.0.0)

DEPENDENCIES:
  - LiquidFloatingActionButton (from `../`)
  - SnapKit (~> 4.0)

EXTERNAL SOURCES:
  LiquidFloatingActionButton:
    :path: ../

SPEC CHECKSUMS:
  LiquidFloatingActionButton: 61496c787627103ccb3a23d4dea71faef4a84d4d
  SnapKit: a42d492c16e80209130a3379f73596c3454b7694

PODFILE CHECKSUM: 80ec86753f50a0a137bb57b5d88bcd1dbaaff5fb

COCOAPODS: 1.3.1
